
Microsoft Visual Studio Solution File, Format Version 12.00
# Visual Studio Version 16
VisualStudioVersion = 16.0.30114.105
MinimumVisualStudioVersion = 10.0.40219.1
Project("{2150E333-8FDC-42A3-9474-1A3956D46DE8}") = "src", "src", "{25D0DAEF-72F1-4CBF-BDC9-5F3FE99EB0AC}"
EndProject
Project("{F2A71F9B-5D33-465A-A702-920D77279786}") = "LetItRun.Core", "src\LetItRun.Core\LetItRun.Core.fsproj", "{FE882125-A5E0-45CE-A814-2DF2021498B8}"
EndProject
Project("{F2A71F9B-5D33-465A-A702-920D77279786}") = "LetItRun.Server", "src\LetItRun.Server\LetItRun.Server.fsproj", "{053B3205-48ED-4B40-9F32-7A6F39D18680}"
EndProject
Project("{2150E333-8FDC-42A3-9474-1A3956D46DE8}") = "tests", "tests", "{285CC332-A7FA-4325-B4A9-77B105669B73}"
EndProject
Project("{F2A71F9B-5D33-465A-A702-920D77279786}") = "LetItRun.Core.Tests", "tests\LetItRun.Core.Tests\LetItRun.Core.Tests.fsproj", "{9FF2EE31-7904-4591-961D-27A2108E4EC3}"
EndProject
Project("{F2A71F9B-5D33-465A-A702-920D77279786}") = "LetItRun.Server.Tests", "tests\LetItRun.Server.Tests\LetItRun.Server.Tests.fsproj", "{A49299BD-E74E-4F52-8918-4F8E109CB0F8}"
EndProject
Project("{F2A71F9B-5D33-465A-A702-920D77279786}") = "LetItRun.GrainInterfaces", "src\LetItRun.GrainInterfaces\LetItRun.GrainInterfaces.fsproj", "{65644D6A-E9F0-4520-9E6B-5CB2112D23B2}"
EndProject
Project("{F2A71F9B-5D33-465A-A702-920D77279786}") = "LetItRun.Grains", "src\LetItRun.Grains\LetItRun.Grains.fsproj", "{7D11A833-F83D-4212-AB6A-D70F62170C74}"
EndProject
Project("{F2A71F9B-5D33-465A-A702-920D77279786}") = "LetItRun.Grains.Tests", "tests\LetItRun.Grains.Tests\LetItRun.Grains.Tests.fsproj", "{3C4C0572-1099-41EE-AA85-BDB5B9360913}"
EndProject
Global
	GlobalSection(SolutionConfigurationPlatforms) = preSolution
		Debug|Any CPU = Debug|Any CPU
		Release|Any CPU = Release|Any CPU
	EndGlobalSection
	GlobalSection(SolutionProperties) = preSolution
		HideSolutionNode = FALSE
	EndGlobalSection
	GlobalSection(ProjectConfigurationPlatforms) = postSolution
		{FE882125-A5E0-45CE-A814-2DF2021498B8}.Debug|Any CPU.ActiveCfg = Debug|Any CPU
		{FE882125-A5E0-45CE-A814-2DF2021498B8}.Debug|Any CPU.Build.0 = Debug|Any CPU
		{FE882125-A5E0-45CE-A814-2DF2021498B8}.Release|Any CPU.ActiveCfg = Release|Any CPU
		{FE882125-A5E0-45CE-A814-2DF2021498B8}.Release|Any CPU.Build.0 = Release|Any CPU
		{053B3205-48ED-4B40-9F32-7A6F39D18680}.Debug|Any CPU.ActiveCfg = Debug|Any CPU
		{053B3205-48ED-4B40-9F32-7A6F39D18680}.Debug|Any CPU.Build.0 = Debug|Any CPU
		{053B3205-48ED-4B40-9F32-7A6F39D18680}.Release|Any CPU.ActiveCfg = Release|Any CPU
		{053B3205-48ED-4B40-9F32-7A6F39D18680}.Release|Any CPU.Build.0 = Release|Any CPU
		{9FF2EE31-7904-4591-961D-27A2108E4EC3}.Debug|Any CPU.ActiveCfg = Debug|Any CPU
		{9FF2EE31-7904-4591-961D-27A2108E4EC3}.Debug|Any CPU.Build.0 = Debug|Any CPU
		{9FF2EE31-7904-4591-961D-27A2108E4EC3}.Release|Any CPU.ActiveCfg = Release|Any CPU
		{9FF2EE31-7904-4591-961D-27A2108E4EC3}.Release|Any CPU.Build.0 = Release|Any CPU
		{A49299BD-E74E-4F52-8918-4F8E109CB0F8}.Debug|Any CPU.ActiveCfg = Debug|Any CPU
		{A49299BD-E74E-4F52-8918-4F8E109CB0F8}.Debug|Any CPU.Build.0 = Debug|Any CPU
		{A49299BD-E74E-4F52-8918-4F8E109CB0F8}.Release|Any CPU.ActiveCfg = Release|Any CPU
		{A49299BD-E74E-4F52-8918-4F8E109CB0F8}.Release|Any CPU.Build.0 = Release|Any CPU
		{65644D6A-E9F0-4520-9E6B-5CB2112D23B2}.Debug|Any CPU.ActiveCfg = Debug|Any CPU
		{65644D6A-E9F0-4520-9E6B-5CB2112D23B2}.Debug|Any CPU.Build.0 = Debug|Any CPU
		{65644D6A-E9F0-4520-9E6B-5CB2112D23B2}.Release|Any CPU.ActiveCfg = Release|Any CPU
		{65644D6A-E9F0-4520-9E6B-5CB2112D23B2}.Release|Any CPU.Build.0 = Release|Any CPU
		{7D11A833-F83D-4212-AB6A-D70F62170C74}.Debug|Any CPU.ActiveCfg = Debug|Any CPU
		{7D11A833-F83D-4212-AB6A-D70F62170C74}.Debug|Any CPU.Build.0 = Debug|Any CPU
		{7D11A833-F83D-4212-AB6A-D70F62170C74}.Release|Any CPU.ActiveCfg = Release|Any CPU
		{7D11A833-F83D-4212-AB6A-D70F62170C74}.Release|Any CPU.Build.0 = Release|Any CPU
		{3C4C0572-1099-41EE-AA85-BDB5B9360913}.Debug|Any CPU.ActiveCfg = Debug|Any CPU
		{3C4C0572-1099-41EE-AA85-BDB5B9360913}.Debug|Any CPU.Build.0 = Debug|Any CPU
		{3C4C0572-1099-41EE-AA85-BDB5B9360913}.Release|Any CPU.ActiveCfg = Release|Any CPU
		{3C4C0572-1099-41EE-AA85-BDB5B9360913}.Release|Any CPU.Build.0 = Release|Any CPU
	EndGlobalSection
	GlobalSection(NestedProjects) = preSolution
		{FE882125-A5E0-45CE-A814-2DF2021498B8} = {25D0DAEF-72F1-4CBF-BDC9-5F3FE99EB0AC}
		{053B3205-48ED-4B40-9F32-7A6F39D18680} = {25D0DAEF-72F1-4CBF-BDC9-5F3FE99EB0AC}
		{9FF2EE31-7904-4591-961D-27A2108E4EC3} = {285CC332-A7FA-4325-B4A9-77B105669B73}
		{A49299BD-E74E-4F52-8918-4F8E109CB0F8} = {285CC332-A7FA-4325-B4A9-77B105669B73}
		{65644D6A-E9F0-4520-9E6B-5CB2112D23B2} = {25D0DAEF-72F1-4CBF-BDC9-5F3FE99EB0AC}
		{7D11A833-F83D-4212-AB6A-D70F62170C74} = {25D0DAEF-72F1-4CBF-BDC9-5F3FE99EB0AC}
		{3C4C0572-1099-41EE-AA85-BDB5B9360913} = {285CC332-A7FA-4325-B4A9-77B105669B73}
	EndGlobalSection
EndGlobal
